// !$*UTF8*$!
{
	archiveVersion = 1;
	classes = {
	};
	objectVersion = 56;
	objects = {

/* Begin PBXBuildFile section */
		4CD5E6E829351CDA000E2D1F /* ASNViewerApp.swift in Sources */ = {isa = PBXBuildFile; fileRef = 4CD5E6E729351CDA000E2D1F /* ASNViewerApp.swift */; };
		4CD5E6EA29351CDA000E2D1F /* ContentView.swift in Sources */ = {isa = PBXBuildFile; fileRef = 4CD5E6E929351CDA000E2D1F /* ContentView.swift */; };
		4CD5E6EC29351CDC000E2D1F /* Assets.xcassets in Resources */ = {isa = PBXBuildFile; fileRef = 4CD5E6EB29351CDC000E2D1F /* Assets.xcassets */; };
		4CD5E6EF29351CDC000E2D1F /* Preview Assets.xcassets in Resources */ = {isa = PBXBuildFile; fileRef = 4CD5E6EE29351CDC000E2D1F /* Preview Assets.xcassets */; };
		4CD5E6F829351D0E000E2D1F /* ASNPayloadDecoder.swift in Sources */ = {isa = PBXBuildFile; fileRef = 4CD5E6F729351D0E000E2D1F /* ASNPayloadDecoder.swift */; };
		4CD5E6FB29351D66000E2D1F /* JOSESwift in Frameworks */ = {isa = PBXBuildFile; productRef = 4CD5E6FA29351D66000E2D1F /* JOSESwift */; };
		4CD5E6FE29351E01000E2D1F /* ServerNotification.swift in Sources */ = {isa = PBXBuildFile; fileRef = 4CD5E6FD29351E01000E2D1F /* ServerNotification.swift */; };
		4CF82CD429356A420072A9CE /* AppleRootCA-G3.cer in Resources */ = {isa = PBXBuildFile; fileRef = 4CF82CD329356A3E0072A9CE /* AppleRootCA-G3.cer */; };
/* End PBXBuildFile section */

/* Begin PBXFileReference section */
		4CD5E6E429351CDA000E2D1F /* ASNViewer.app */ = {isa = PBXFileReference; explicitFileType = wrapper.application; includeInIndex = 0; path = ASNViewer.app; sourceTree = BUILT_PRODUCTS_DIR; };
		4CD5E6E729351CDA000E2D1F /* ASNViewerApp.swift */ = {isa = PBXFileReference; lastKnownFileType = sourcecode.swift; path = ASNViewerApp.swift; sourceTree = "<group>"; };
		4CD5E6E929351CDA000E2D1F /* ContentView.swift */ = {isa = PBXFileReference; lastKnownFileType = sourcecode.swift; path = ContentView.swift; sourceTree = "<group>"; };
		4CD5E6EB29351CDC000E2D1F /* Assets.xcassets */ = {isa = PBXFileReference; lastKnownFileType = folder.assetcatalog; path = Assets.xcassets; sourceTree = "<group>"; };
		4CD5E6EE29351CDC000E2D1F /* Preview Assets.xcassets */ = {isa = PBXFileReference; lastKnownFileType = folder.assetcatalog; path = "Preview Assets.xcassets"; sourceTree = "<group>"; };
		4CD5E6F029351CDC000E2D1F /* ASNViewer.entitlements */ = {isa = PBXFileReference; lastKnownFileType = text.plist.entitlements; path = ASNViewer.entitlements; sourceTree = "<group>"; };
		4CD5E6F729351D0E000E2D1F /* ASNPayloadDecoder.swift */ = {isa = PBXFileReference; lastKnownFileType = sourcecode.swift; path = ASNPayloadDecoder.swift; sourceTree = "<group>"; };
		4CD5E6FD29351E01000E2D1F /* ServerNotification.swift */ = {isa = PBXFileReference; lastKnownFileType = sourcecode.swift; path = ServerNotification.swift; sourceTree = "<group>"; };
		4CF82CD329356A3E0072A9CE /* AppleRootCA-G3.cer */ = {isa = PBXFileReference; lastKnownFileType = file; path = "AppleRootCA-G3.cer"; sourceTree = "<group>"; };
/* End PBXFileReference section */

/* Begin PBXFrameworksBuildPhase section */
		4CD5E6E129351CDA000E2D1F /* Frameworks */ = {
			isa = PBXFrameworksBuildPhase;
			buildActionMask = 2147483647;
			files = (
				4CD5E6FB29351D66000E2D1F /* JOSESwift in Frameworks */,
			);
			runOnlyForDeploymentPostprocessing = 0;
		};
/* End PBXFrameworksBuildPhase section */

/* Begin PBXGroup section */
		4CD5E6DB29351CDA000E2D1F = {
			isa = PBXGroup;
			children = (
				4CD5E6E629351CDA000E2D1F /* ASNViewer */,
				4CD5E6E529351CDA000E2D1F /* Products */,
			);
			sourceTree = "<group>";
		};
		4CD5E6E529351CDA000E2D1F /* Products */ = {
			isa = PBXGroup;
			children = (
				4CD5E6E429351CDA000E2D1F /* ASNViewer.app */,
			);
			name = Products;
			sourceTree = "<group>";
		};
		4CD5E6E629351CDA000E2D1F /* ASNViewer */ = {
			isa = PBXGroup;
			children = (
				4CD5E6E729351CDA000E2D1F /* ASNViewerApp.swift */,
				4CD5E6E929351CDA000E2D1F /* ContentView.swift */,
				4CF82CD329356A3E0072A9CE /* AppleRootCA-G3.cer */,
				4CD5E6FC29351DF7000E2D1F /* Object */,
				4CD5E6F629351CF1000E2D1F /* ASN */,
				4CD5E6EB29351CDC000E2D1F /* Assets.xcassets */,
				4CD5E6F029351CDC000E2D1F /* ASNViewer.entitlements */,
				4CD5E6ED29351CDC000E2D1F /* Preview Content */,
			);
			path = ASNViewer;
			sourceTree = "<group>";
		};
		4CD5E6ED29351CDC000E2D1F /* Preview Content */ = {
			isa = PBXGroup;
			children = (
				4CD5E6EE29351CDC000E2D1F /* Preview Assets.xcassets */,
			);
			path = "Preview Content";
			sourceTree = "<group>";
		};
		4CD5E6F629351CF1000E2D1F /* ASN */ = {
			isa = PBXGroup;
			children = (
				4CD5E6F729351D0E000E2D1F /* ASNPayloadDecoder.swift */,
			);
			path = ASN;
			sourceTree = "<group>";
		};
		4CD5E6FC29351DF7000E2D1F /* Object */ = {
			isa = PBXGroup;
			children = (
				4CD5E6FD29351E01000E2D1F /* ServerNotification.swift */,
			);
			path = Object;
			sourceTree = "<group>";
		};
/* End PBXGroup section */

/* Begin PBXNativeTarget section */
		4CD5E6E329351CDA000E2D1F /* ASNViewer */ = {
			isa = PBXNativeTarget;
			buildConfigurationList = 4CD5E6F329351CDC000E2D1F /* Build configuration list for PBXNativeTarget "ASNViewer" */;
			buildPhases = (
				4CD5E6E029351CDA000E2D1F /* Sources */,
				4CD5E6E129351CDA000E2D1F /* Frameworks */,
				4CD5E6E229351CDA000E2D1F /* Resources */,
			);
			buildRules = (
			);
			dependencies = (
			);
			name = ASNViewer;
			packageProductDependencies = (
				4CD5E6FA29351D66000E2D1F /* JOSESwift */,
			);
			productName = ASNViewer;
			productReference = 4CD5E6E429351CDA000E2D1F /* ASNViewer.app */;
			productType = "com.apple.product-type.application";
		};
/* End PBXNativeTarget section */

/* Begin PBXProject section */
		4CD5E6DC29351CDA000E2D1F /* Project object */ = {
			isa = PBXProject;
			attributes = {
				BuildIndependentTargetsInParallel = 1;
				LastSwiftUpdateCheck = 1410;
				LastUpgradeCheck = 1410;
				TargetAttributes = {
					4CD5E6E329351CDA000E2D1F = {
						CreatedOnToolsVersion = 14.1;
					};
				};
			};
			buildConfigurationList = 4CD5E6DF29351CDA000E2D1F /* Build configuration list for PBXProject "ASNViewer" */;
			compatibilityVersion = "Xcode 14.0";
			developmentRegion = en;
			hasScannedForEncodings = 0;
			knownRegions = (
				en,
				Base,
			);
			mainGroup = 4CD5E6DB29351CDA000E2D1F;
			packageReferences = (
				4CD5E6F929351D66000E2D1F /* XCRemoteSwiftPackageReference "JOSESwift" */,
			);
			productRefGroup = 4CD5E6E529351CDA000E2D1F /* Products */;
			projectDirPath = "";
			projectRoot = "";
			targets = (
				4CD5E6E329351CDA000E2D1F /* ASNViewer */,
			);
		};
/* End PBXProject section */

/* Begin PBXResourcesBuildPhase section */
		4CD5E6E229351CDA000E2D1F /* Resources */ = {
			isa = PBXResourcesBuildPhase;
			buildActionMask = 2147483647;
			files = (
				4CF82CD429356A420072A9CE /* AppleRootCA-G3.cer in Resources */,
				4CD5E6EF29351CDC000E2D1F /* Preview Assets.xcassets in Resources */,
				4CD5E6EC29351CDC000E2D1F /* Assets.xcassets in Resources */,
			);
			runOnlyForDeploymentPostprocessing = 0;
		};
/* End PBXResourcesBuildPhase section */

/* Begin PBXSourcesBuildPhase section */
		4CD5E6E029351CDA000E2D1F /* Sources */ = {
			isa = PBXSourcesBuildPhase;
			buildActionMask = 2147483647;
			files = (
				4CD5E6EA29351CDA000E2D1F /* ContentView.swift in Sources */,
				4CD5E6FE29351E01000E2D1F /* ServerNotification.swift in Sources */,
				4CD5E6F829351D0E000E2D1F /* ASNPayloadDecoder.swift in Sources */,
				4CD5E6E829351CDA000E2D1F /* ASNViewerApp.swift in Sources */,
			);
			runOnlyForDeploymentPostprocessing = 0;
		};
/* End PBXSourcesBuildPhase section */

/* Begin XCBuildConfiguration section */
		4CD5E6F129351CDC000E2D1F /* Debug */ = {
			isa = XCBuildConfiguration;
			buildSettings = {
				ALWAYS_SEARCH_USER_PATHS = NO;
				CLANG_ANALYZER_NONNULL = YES;
				CLANG_ANALYZER_NUMBER_OBJECT_CONVERSION = YES_AGGRESSIVE;
				CLANG_CXX_LANGUAGE_STANDARD = "gnu++20";
				CLANG_ENABLE_MODULES = YES;
				CLANG_ENABLE_OBJC_ARC = YES;
				CLANG_ENABLE_OBJC_WEAK = YES;
				CLANG_WARN_BLOCK_CAPTURE_AUTORELEASING = YES;
				CLANG_WARN_BOOL_CONVERSION = YES;
				CLANG_WARN_COMMA = YES;
				CLANG_WARN_CONSTANT_CONVERSION = YES;
				CLANG_WARN_DEPRECATED_OBJC_IMPLEMENTATIONS = YES;
				CLANG_WARN_DIRECT_OBJC_ISA_USAGE = YES_ERROR;
				CLANG_WARN_DOCUMENTATION_COMMENTS = YES;
				CLANG_WARN_EMPTY_BODY = YES;
				CLANG_WARN_ENUM_CONVERSION = YES;
				CLANG_WARN_INFINITE_RECURSION = YES;
				CLANG_WARN_INT_CONVERSION = YES;
				CLANG_WARN_NON_LITERAL_NULL_CONVERSION = YES;
				CLANG_WARN_OBJC_IMPLICIT_RETAIN_SELF = YES;
				CLANG_WARN_OBJC_LITERAL_CONVERSION = YES;
				CLANG_WARN_OBJC_ROOT_CLASS = YES_ERROR;
				CLANG_WARN_QUOTED_INCLUDE_IN_FRAMEWORK_HEADER = YES;
				CLANG_WARN_RANGE_LOOP_ANALYSIS = YES;
				CLANG_WARN_STRICT_PROTOTYPES = YES;
				CLANG_WARN_SUSPICIOUS_MOVE = YES;
				CLANG_WARN_UNGUARDED_AVAILABILITY = YES_AGGRESSIVE;
				CLANG_WARN_UNREACHABLE_CODE = YES;
				CLANG_WARN__DUPLICATE_METHOD_MATCH = YES;
				COPY_PHASE_STRIP = NO;
				DEBUG_INFORMATION_FORMAT = dwarf;
				ENABLE_STRICT_OBJC_MSGSEND = YES;
				ENABLE_TESTABILITY = YES;
				GCC_C_LANGUAGE_STANDARD = gnu11;
				GCC_DYNAMIC_NO_PIC = NO;
				GCC_NO_COMMON_BLOCKS = YES;
				GCC_OPTIMIZATION_LEVEL = 0;
				GCC_PREPROCESSOR_DEFINITIONS = (
					"DEBUG=1",
					"$(inherited)",
				);
				GCC_WARN_64_TO_32_BIT_CONVERSION = YES;
				GCC_WARN_ABOUT_RETURN_TYPE = YES_ERROR;
				GCC_WARN_UNDECLARED_SELECTOR = YES;
				GCC_WARN_UNINITIALIZED_AUTOS = YES_AGGRESSIVE;
				GCC_WARN_UNUSED_FUNCTION = YES;
				GCC_WARN_UNUSED_VARIABLE = YES;
				MACOSX_DEPLOYMENT_TARGET = 12.0;
				MTL_ENABLE_DEBUG_INFO = INCLUDE_SOURCE;
				MTL_FAST_MATH = YES;
				ONLY_ACTIVE_ARCH = YES;
				SDKROOT = macosx;
				SWIFT_ACTIVE_COMPILATION_CONDITIONS = DEBUG;
				SWIFT_OPTIMIZATION_LEVEL = "-Onone";
			};
			name = Debug;
		};
		4CD5E6F229351CDC000E2D1F /* Release */ = {
			isa = XCBuildConfiguration;
			buildSettings = {
				ALWAYS_SEARCH_USER_PATHS = NO;
				CLANG_ANALYZER_NONNULL = YES;
				CLANG_ANALYZER_NUMBER_OBJECT_CONVERSION = YES_AGGRESSIVE;
				CLANG_CXX_LANGUAGE_STANDARD = "gnu++20";
				CLANG_ENABLE_MODULES = YES;
				CLANG_ENABLE_OBJC_ARC = YES;
				CLANG_ENABLE_OBJC_WEAK = YES;
				CLANG_WARN_BLOCK_CAPTURE_AUTORELEASING = YES;
				CLANG_WARN_BOOL_CONVERSION = YES;
				CLANG_WARN_COMMA = YES;
				CLANG_WARN_CONSTANT_CONVERSION = YES;
				CLANG_WARN_DEPRECATED_OBJC_IMPLEMENTATIONS = YES;
				CLANG_WARN_DIRECT_OBJC_ISA_USAGE = YES_ERROR;
				CLANG_WARN_DOCUMENTATION_COMMENTS = YES;
				CLANG_WARN_EMPTY_BODY = YES;
				CLANG_WARN_ENUM_CONVERSION = YES;
				CLANG_WARN_INFINITE_RECURSION = YES;
				CLANG_WARN_INT_CONVERSION = YES;
				CLANG_WARN_NON_LITERAL_NULL_CONVERSION = YES;
				CLANG_WARN_OBJC_IMPLICIT_RETAIN_SELF = YES;
				CLANG_WARN_OBJC_LITERAL_CONVERSION = YES;
				CLANG_WARN_OBJC_ROOT_CLASS = YES_ERROR;
				CLANG_WARN_QUOTED_INCLUDE_IN_FRAMEWORK_HEADER = YES;
				CLANG_WARN_RANGE_LOOP_ANALYSIS = YES;
				CLANG_WARN_STRICT_PROTOTYPES = YES;
				CLANG_WARN_SUSPICIOUS_MOVE = YES;
				CLANG_WARN_UNGUARDED_AVAILABILITY = YES_AGGRESSIVE;
				CLANG_WARN_UNREACHABLE_CODE = YES;
				CLANG_WARN__DUPLICATE_METHOD_MATCH = YES;
				COPY_PHASE_STRIP = NO;
				DEBUG_INFORMATION_FORMAT = "dwarf-with-dsym";
				ENABLE_NS_ASSERTIONS = NO;
				ENABLE_STRICT_OBJC_MSGSEND = YES;
				GCC_C_LANGUAGE_STANDARD = gnu11;
				GCC_NO_COMMON_BLOCKS = YES;
				GCC_WARN_64_TO_32_BIT_CONVERSION = YES;
				GCC_WARN_ABOUT_RETURN_TYPE = YES_ERROR;
				GCC_WARN_UNDECLARED_SELECTOR = YES;
				GCC_WARN_UNINITIALIZED_AUTOS = YES_AGGRESSIVE;
				GCC_WARN_UNUSED_FUNCTION = YES;
				GCC_WARN_UNUSED_VARIABLE = YES;
				MACOSX_DEPLOYMENT_TARGET = 12.0;
				MTL_ENABLE_DEBUG_INFO = NO;
				MTL_FAST_MATH = YES;
				SDKROOT = macosx;
				SWIFT_COMPILATION_MODE = wholemodule;
				SWIFT_OPTIMIZATION_LEVEL = "-O";
			};
			name = Release;
		};
		4CD5E6F429351CDC000E2D1F /* Debug */ = {
			isa = XCBuildConfiguration;
			buildSettings = {
				ASSETCATALOG_COMPILER_APPICON_NAME = AppIcon;
				ASSETCATALOG_COMPILER_GLOBAL_ACCENT_COLOR_NAME = AccentColor;
				CODE_SIGN_ENTITLEMENTS = ASNViewer/ASNViewer.entitlements;
				"CODE_SIGN_IDENTITY[sdk=macosx*]" = "-";
				CODE_SIGN_STYLE = Automatic;
				COMBINE_HIDPI_IMAGES = YES;
				CURRENT_PROJECT_VERSION = 1;
				DEVELOPMENT_ASSET_PATHS = "\"ASNViewer/Preview Content\"";
				DEVELOPMENT_TEAM = "";
				ENABLE_HARDENED_RUNTIME = YES;
				ENABLE_PREVIEWS = YES;
				GENERATE_INFOPLIST_FILE = YES;
				INFOPLIST_KEY_NSHumanReadableCopyright = "";
				LD_RUNPATH_SEARCH_PATHS = (
					"$(inherited)",
					"@executable_path/../Frameworks",
				);
				MARKETING_VERSION = 1.0;
				PRODUCT_BUNDLE_IDENTIFIER = app.nanashiki.ASNViewer;
				PRODUCT_NAME = "$(TARGET_NAME)";
				SWIFT_EMIT_LOC_STRINGS = YES;
				SWIFT_VERSION = 5.0;
			};
			name = Debug;
		};
		4CD5E6F529351CDC000E2D1F /* Release */ = {
			isa = XCBuildConfiguration;
			buildSettings = {
				ASSETCATALOG_COMPILER_APPICON_NAME = AppIcon;
				ASSETCATALOG_COMPILER_GLOBAL_ACCENT_COLOR_NAME = AccentColor;
				CODE_SIGN_ENTITLEMENTS = ASNViewer/ASNViewer.entitlements;
				"CODE_SIGN_IDENTITY[sdk=macosx*]" = "-";
				CODE_SIGN_STYLE = Automatic;
				COMBINE_HIDPI_IMAGES = YES;
				CURRENT_PROJECT_VERSION = 1;
				DEVELOPMENT_ASSET_PATHS = "\"ASNViewer/Preview Content\"";
				DEVELOPMENT_TEAM = "";
				ENABLE_HARDENED_RUNTIME = YES;
				ENABLE_PREVIEWS = YES;
				GENERATE_INFOPLIST_FILE = YES;
				INFOPLIST_KEY_NSHumanReadableCopyright = "";
				LD_RUNPATH_SEARCH_PATHS = (
					"$(inherited)",
					"@executable_path/../Frameworks",
				);
				MARKETING_VERSION = 1.0;
				PRODUCT_BUNDLE_IDENTIFIER = app.nanashiki.ASNViewer;
				PRODUCT_NAME = "$(TARGET_NAME)";
				SWIFT_EMIT_LOC_STRINGS = YES;
				SWIFT_VERSION = 5.0;
			};
			name = Release;
		};
/* End XCBuildConfiguration section */

/* Begin XCConfigurationList section */
		4CD5E6DF29351CDA000E2D1F /* Build configuration list for PBXProject "ASNViewer" */ = {
			isa = XCConfigurationList;
			buildConfigurations = (
				4CD5E6F129351CDC000E2D1F /* Debug */,
				4CD5E6F229351CDC000E2D1F /* Release */,
			);
			defaultConfigurationIsVisible = 0;
			defaultConfigurationName = Release;
		};
		4CD5E6F329351CDC000E2D1F /* Build configuration list for PBXNativeTarget "ASNViewer" */ = {
			isa = XCConfigurationList;
			buildConfigurations = (
				4CD5E6F429351CDC000E2D1F /* Debug */,
				4CD5E6F529351CDC000E2D1F /* Release */,
			);
			defaultConfigurationIsVisible = 0;
			defaultConfigurationName = Release;
		};
/* End XCConfigurationList section */

/* Begin XCRemoteSwiftPackageReference section */
		4CD5E6F929351D66000E2D1F /* XCRemoteSwiftPackageReference "JOSESwift" */ = {
			isa = XCRemoteSwiftPackageReference;
			repositoryURL = "https://github.com/airsidemobile/JOSESwift.git";
			requirement = {
				kind = upToNextMajorVersion;
				minimumVersion = 2.0.0;
			};
		};
/* End XCRemoteSwiftPackageReference section */

/* Begin XCSwiftPackageProductDependency section */
		4CD5E6FA29351D66000E2D1F /* JOSESwift */ = {
			isa = XCSwiftPackageProductDependency;
			package = 4CD5E6F929351D66000E2D1F /* XCRemoteSwiftPackageReference "JOSESwift" */;
			productName = JOSESwift;
		};
/* End XCSwiftPackageProductDependency section */
	};
	rootObject = 4CD5E6DC29351CDA000E2D1F /* Project object */;
}
